Microsoft Visual Studio Solution File, Format Version 12.00
# Visual Studio Version 17
VisualStudioVersion = 17.5.2.0
MinimumVisualStudioVersion = 10.0.40219.1
Project("{2150E333-8FDC-42A3-9474-1A3956D46DE8}") = "scraper", "scraper", "{68C2F1F4-8B9A-A7D0-EBCB-E5DFBA90F57D}"
EndProject
Project("{FAE04EC0-301F-11D3-BF4B-00C04F79EFBC}") = "ItemDataExporter", "scraper\src\ItemDataExporter.csproj", "{7A807ED8-CECF-F1F5-867D-61F1D8ACF853}"
EndProject
Global
	GlobalSection(SolutionConfigurationPlatforms) = preSolution
		Debug|Any CPU = Debug|Any CPU
		Release|Any CPU = Release|Any CPU
	EndGlobalSection
	GlobalSection(ProjectConfigurationPlatforms) = postSolution
		{7A807ED8-CECF-F1F5-867D-61F1D8ACF853}.Debug|Any CPU.ActiveCfg = Debug|Any CPU
		{7A807ED8-CECF-F1F5-867D-61F1D8ACF853}.Debug|Any CPU.Build.0 = Debug|Any CPU
		{7A807ED8-CECF-F1F5-867D-61F1D8ACF853}.Release|Any CPU.ActiveCfg = Release|Any CPU
		{7A807ED8-CECF-F1F5-867D-61F1D8ACF853}.Release|Any CPU.Build.0 = Release|Any CPU
	EndGlobalSection
	GlobalSection(SolutionProperties) = preSolution
		HideSolutionNode = FALSE
	EndGlobalSection
	GlobalSection(NestedProjects) = preSolution
		{7A807ED8-CECF-F1F5-867D-61F1D8ACF853} = {68C2F1F4-8B9A-A7D0-EBCB-E5DFBA90F57D}
	EndGlobalSection
	GlobalSection(ExtensibilityGlobals) = postSolution
		SolutionGuid = {10A0D801-84DC-4887-8FFE-9768034B734F}
	EndGlobalSection
EndGlobal
